
Microsoft Visual Studio Solution File, Format Version 12.00
# Visual Studio Version 17
VisualStudioVersion = 17.2.32616.157
MinimumVisualStudioVersion = 10.0.40219.1
Project("{9A19103F-16F7-4668-BE54-9A1E7A4F7556}") = "Ocean", "Ocean\Ocean.csproj", "{C92AFFEB-6E68-482E-AD10-348BD4A7D260}"
EndProject
Project("{9A19103F-16F7-4668-BE54-9A1E7A4F7556}") = "OceanLibrary", "OceanLibrary\OceanLibrary.csproj", "{ED69DCBB-96CC-43B7-B6B9-5ECA4FAAC691}"
EndProject
Project("{FAE04EC0-301F-11D3-BF4B-00C04F79EFBC}") = "WinFormsOcean", "WinFormsOcean\WinFormsOcean.csproj", "{1E4754E5-18D0-4129-8DD5-AFA40C97D5BC}"
EndProject
Global
	GlobalSection(SolutionConfigurationPlatforms) = preSolution
		Debug|Any CPU = Debug|Any CPU
		Release|Any CPU = Release|Any CPU
	EndGlobalSection
	GlobalSection(ProjectConfigurationPlatforms) = postSolution
		{C92AFFEB-6E68-482E-AD10-348BD4A7D260}.Debug|Any CPU.ActiveCfg = Debug|Any CPU
		{C92AFFEB-6E68-482E-AD10-348BD4A7D260}.Debug|Any CPU.Build.0 = Debug|Any CPU
		{C92AFFEB-6E68-482E-AD10-348BD4A7D260}.Release|Any CPU.ActiveCfg = Release|Any CPU
		{C92AFFEB-6E68-482E-AD10-348BD4A7D260}.Release|Any CPU.Build.0 = Release|Any CPU
		{ED69DCBB-96CC-43B7-B6B9-5ECA4FAAC691}.Debug|Any CPU.ActiveCfg = Debug|Any CPU
		{ED69DCBB-96CC-43B7-B6B9-5ECA4FAAC691}.Debug|Any CPU.Build.0 = Debug|Any CPU
		{ED69DCBB-96CC-43B7-B6B9-5ECA4FAAC691}.Release|Any CPU.ActiveCfg = Release|Any CPU
		{ED69DCBB-96CC-43B7-B6B9-5ECA4FAAC691}.Release|Any CPU.Build.0 = Release|Any CPU
		{1E4754E5-18D0-4129-8DD5-AFA40C97D5BC}.Debug|Any CPU.ActiveCfg = Debug|Any CPU
		{1E4754E5-18D0-4129-8DD5-AFA40C97D5BC}.Debug|Any CPU.Build.0 = Debug|Any CPU
		{1E4754E5-18D0-4129-8DD5-AFA40C97D5BC}.Release|Any CPU.ActiveCfg = Release|Any CPU
		{1E4754E5-18D0-4129-8DD5-AFA40C97D5BC}.Release|Any CPU.Build.0 = Release|Any CPU
	EndGlobalSection
	GlobalSection(SolutionProperties) = preSolution
		HideSolutionNode = FALSE
	EndGlobalSection
	GlobalSection(ExtensibilityGlobals) = postSolution
		SolutionGuid = {40ECF25D-6079-4E41-B3F7-0B1FEA6D9CD7}
	EndGlobalSection
EndGlobal
